
Microsoft Visual Studio Solution File, Format Version 12.00
# Visual Studio Version 18
VisualStudioVersion = 18.6.11828.311 oobstable
MinimumVisualStudioVersion = 10.0.40219.1
Project("{FAE04EC0-301F-11D3-BF4B-00C04F79EFBC}") = "ThreeByThreeManager", "ThreeByThreeManager.csproj", "{237B7383-89B1-7BC6-BE9C-2BDEBCB4D0D0}"
EndProject
Global
	GlobalSection(SolutionConfigurationPlatforms) = preSolution
		Debug|Any CPU = Debug|Any CPU
		Release|Any CPU = Release|Any CPU
	EndGlobalSection
	GlobalSection(ProjectConfigurationPlatforms) = postSolution
		{237B7383-89B1-7BC6-BE9C-2BDEBCB4D0D0}.Debug|Any CPU.ActiveCfg = Debug|Any CPU
		{237B7383-89B1-7BC6-BE9C-2BDEBCB4D0D0}.Debug|Any CPU.Build.0 = Debug|Any CPU
		{237B7383-89B1-7BC6-BE9C-2BDEBCB4D0D0}.Release|Any CPU.ActiveCfg = Release|Any CPU
		{237B7383-89B1-7BC6-BE9C-2BDEBCB4D0D0}.Release|Any CPU.Build.0 = Release|Any CPU
	EndGlobalSection
	GlobalSection(SolutionProperties) = preSolution
		HideSolutionNode = FALSE
	EndGlobalSection
	GlobalSection(ExtensibilityGlobals) = postSolution
		SolutionGuid = {D65E3AFC-1277-4120-AA20-03ABBB9F607D}
	EndGlobalSection
EndGlobal
